
Microsoft Visual Studio Solution File, Format Version 12.00
# Visual Studio Version 17
VisualStudioVersion = 17.1.32414.318
MinimumVisualStudioVersion = 10.0.40219.1
Project("{FAE04EC0-301F-11D3-BF4B-00C04F79EFBC}") = "assignment2", "assignment2\assignment2.csproj", "{4D8EBA4F-4BC9-4652-986F-54AC7CDC7689}"
EndProject
Project("{FAE04EC0-301F-11D3-BF4B-00C04F79EFBC}") = "WebApplication1", "WebApplication1\WebApplication1.csproj", "{A82181A9-FFEC-4B82-A55C-54401FC037C0}"
EndProject
Global
	GlobalSection(SolutionConfigurationPlatforms) = preSolution
		Debug|Any CPU = Debug|Any CPU
		Release|Any CPU = Release|Any CPU
	EndGlobalSection
	GlobalSection(ProjectConfigurationPlatforms) = postSolution
		{4D8EBA4F-4BC9-4652-986F-54AC7CDC7689}.Debug|Any CPU.ActiveCfg = Debug|Any CPU
		{4D8EBA4F-4BC9-4652-986F-54AC7CDC7689}.Debug|Any CPU.Build.0 = Debug|Any CPU
		{4D8EBA4F-4BC9-4652-986F-54AC7CDC7689}.Release|Any CPU.ActiveCfg = Release|Any CPU
		{4D8EBA4F-4BC9-4652-986F-54AC7CDC7689}.Release|Any CPU.Build.0 = Release|Any CPU
		{A82181A9-FFEC-4B82-A55C-54401FC037C0}.Debug|Any CPU.ActiveCfg = Debug|Any CPU
		{A82181A9-FFEC-4B82-A55C-54401FC037C0}.Debug|Any CPU.Build.0 = Debug|Any CPU
		{A82181A9-FFEC-4B82-A55C-54401FC037C0}.Release|Any CPU.ActiveCfg = Release|Any CPU
		{A82181A9-FFEC-4B82-A55C-54401FC037C0}.Release|Any CPU.Build.0 = Release|Any CPU
	EndGlobalSection
	GlobalSection(SolutionProperties) = preSolution
		HideSolutionNode = FALSE
	EndGlobalSection
	GlobalSection(ExtensibilityGlobals) = postSolution
		SolutionGuid = {D009A1C3-8E13-460A-A239-3F1F34070D58}
	EndGlobalSection
EndGlobal
