
Microsoft Visual Studio Solution File, Format Version 12.00
# Visual Studio Version 17
VisualStudioVersion = 17.1.32414.318
MinimumVisualStudioVersion = 10.0.40219.1
Project("{FAE04EC0-301F-11D3-BF4B-00C04F79EFBC}") = "WebApplication7", "WebApplication7\WebApplication7.csproj", "{B5E86390-31DA-42B7-861E-4051FA491896}"
EndProject
Global
	GlobalSection(SolutionConfigurationPlatforms) = preSolution
		Debug|Any CPU = Debug|Any CPU
		Release|Any CPU = Release|Any CPU
	EndGlobalSection
	GlobalSection(ProjectConfigurationPlatforms) = postSolution
		{B5E86390-31DA-42B7-861E-4051FA491896}.Debug|Any CPU.ActiveCfg = Debug|Any CPU
		{B5E86390-31DA-42B7-861E-4051FA491896}.Debug|Any CPU.Build.0 = Debug|Any CPU
		{B5E86390-31DA-42B7-861E-4051FA491896}.Release|Any CPU.ActiveCfg = Release|Any CPU
		{B5E86390-31DA-42B7-861E-4051FA491896}.Release|Any CPU.Build.0 = Release|Any CPU
	EndGlobalSection
	GlobalSection(SolutionProperties) = preSolution
		HideSolutionNode = FALSE
	EndGlobalSection
	GlobalSection(ExtensibilityGlobals) = postSolution
		SolutionGuid = {0CB4B1DE-0E20-431F-9575-115991E45F59}
	EndGlobalSection
EndGlobal
